
Microsoft Visual Studio Solution File, Format Version 12.00
# Visual Studio Version 16
VisualStudioVersion = 16.0.30804.86
MinimumVisualStudioVersion = 10.0.40219.1
Project("{9A19103F-16F7-4668-BE54-9A1E7A4F7556}") = "KampIntro", "KampIntro\KampIntro.csproj", "{017EA8D2-C70F-49B1-8227-ECE77DA52A30}"
EndProject
Project("{9A19103F-16F7-4668-BE54-9A1E7A4F7556}") = "Donguler", "Donguler\Donguler.csproj", "{2A632CF2-D18C-4B70-8B99-3B64A8516821}"
EndProject
Project("{9A19103F-16F7-4668-BE54-9A1E7A4F7556}") = "ClassIntro", "ClassIntro\ClassIntro.csproj", "{F7E0B447-F16F-4E71-A0B0-E776868E4BBB}"
EndProject
Project("{9A19103F-16F7-4668-BE54-9A1E7A4F7556}") = "Metotlar", "Metotlar\Metotlar.csproj", "{274F3087-C823-4070-9D61-6991468BA00B}"
EndProject
Project("{9A19103F-16F7-4668-BE54-9A1E7A4F7556}") = "Matematik", "Matematik\Matematik.csproj", "{63287DEB-4046-4A6E-A4F3-7706EAE35226}"
EndProject
Project("{9A19103F-16F7-4668-BE54-9A1E7A4F7556}") = "DegerVeReferansTipler", "DegerVeReferansTipler\DegerVeReferansTipler.csproj", "{09BE8113-5C85-4D16-8FB6-12C7DF4696A2}"
EndProject
Project("{9A19103F-16F7-4668-BE54-9A1E7A4F7556}") = "ClassMetotDemo", "ClassMetotDemo\ClassMetotDemo.csproj", "{663A06C3-E962-4F88-B382-A9A4EBBA422B}"
EndProject
Project("{9A19103F-16F7-4668-BE54-9A1E7A4F7556}") = "OOP1", "OOP1\OOP1.csproj", "{62952454-D443-4A38-AB51-BE446D087F6C}"
EndProject
Project("{9A19103F-16F7-4668-BE54-9A1E7A4F7556}") = "Koleksiyonlar", "Koleksiyonlar\Koleksiyonlar.csproj", "{8B8C2E75-7126-4CB1-B4D6-2A1938326F12}"
EndProject
Project("{9A19103F-16F7-4668-BE54-9A1E7A4F7556}") = "GenericsIntro", "GenericsIntro\GenericsIntro.csproj", "{A86105F2-0167-4691-BBDE-14103848371B}"
EndProject
Project("{FAE04EC0-301F-11D3-BF4B-00C04F79EFBC}") = "MyDictionary", "MyDictionary\MyDictionary.csproj", "{7B068C1F-39FE-4D13-82F0-C85D1D28066C}"
EndProject
Global
	GlobalSection(SolutionConfigurationPlatforms) = preSolution
		Debug|Any CPU = Debug|Any CPU
		Release|Any CPU = Release|Any CPU
	EndGlobalSection
	GlobalSection(ProjectConfigurationPlatforms) = postSolution
		{017EA8D2-C70F-49B1-8227-ECE77DA52A30}.Debug|Any CPU.ActiveCfg = Debug|Any CPU
		{017EA8D2-C70F-49B1-8227-ECE77DA52A30}.Debug|Any CPU.Build.0 = Debug|Any CPU
		{017EA8D2-C70F-49B1-8227-ECE77DA52A30}.Release|Any CPU.ActiveCfg = Release|Any CPU
		{017EA8D2-C70F-49B1-8227-ECE77DA52A30}.Release|Any CPU.Build.0 = Release|Any CPU
		{2A632CF2-D18C-4B70-8B99-3B64A8516821}.Debug|Any CPU.ActiveCfg = Debug|Any CPU
		{2A632CF2-D18C-4B70-8B99-3B64A8516821}.Debug|Any CPU.Build.0 = Debug|Any CPU
		{2A632CF2-D18C-4B70-8B99-3B64A8516821}.Release|Any CPU.ActiveCfg = Release|Any CPU
		{2A632CF2-D18C-4B70-8B99-3B64A8516821}.Release|Any CPU.Build.0 = Release|Any CPU
		{F7E0B447-F16F-4E71-A0B0-E776868E4BBB}.Debug|Any CPU.ActiveCfg = Debug|Any CPU
		{F7E0B447-F16F-4E71-A0B0-E776868E4BBB}.Debug|Any CPU.Build.0 = Debug|Any CPU
		{F7E0B447-F16F-4E71-A0B0-E776868E4BBB}.Release|Any CPU.ActiveCfg = Release|Any CPU
		{F7E0B447-F16F-4E71-A0B0-E776868E4BBB}.Release|Any CPU.Build.0 = Release|Any CPU
		{274F3087-C823-4070-9D61-6991468BA00B}.Debug|Any CPU.ActiveCfg = Debug|Any CPU
		{274F3087-C823-4070-9D61-6991468BA00B}.Debug|Any CPU.Build.0 = Debug|Any CPU
		{274F3087-C823-4070-9D61-6991468BA00B}.Release|Any CPU.ActiveCfg = Release|Any CPU
		{274F3087-C823-4070-9D61-6991468BA00B}.Release|Any CPU.Build.0 = Release|Any CPU
		{63287DEB-4046-4A6E-A4F3-7706EAE35226}.Debug|Any CPU.ActiveCfg = Debug|Any CPU
		{63287DEB-4046-4A6E-A4F3-7706EAE35226}.Debug|Any CPU.Build.0 = Debug|Any CPU
		{63287DEB-4046-4A6E-A4F3-7706EAE35226}.Release|Any CPU.ActiveCfg = Release|Any CPU
		{63287DEB-4046-4A6E-A4F3-7706EAE35226}.Release|Any CPU.Build.0 = Release|Any CPU
		{09BE8113-5C85-4D16-8FB6-12C7DF4696A2}.Debug|Any CPU.ActiveCfg = Debug|Any CPU
		{09BE8113-5C85-4D16-8FB6-12C7DF4696A2}.Debug|Any CPU.Build.0 = Debug|Any CPU
		{09BE8113-5C85-4D16-8FB6-12C7DF4696A2}.Release|Any CPU.ActiveCfg = Release|Any CPU
		{09BE8113-5C85-4D16-8FB6-12C7DF4696A2}.Release|Any CPU.Build.0 = Release|Any CPU
		{663A06C3-E962-4F88-B382-A9A4EBBA422B}.Debug|Any CPU.ActiveCfg = Debug|Any CPU
		{663A06C3-E962-4F88-B382-A9A4EBBA422B}.Debug|Any CPU.Build.0 = Debug|Any CPU
		{663A06C3-E962-4F88-B382-A9A4EBBA422B}.Release|Any CPU.ActiveCfg = Release|Any CPU
		{663A06C3-E962-4F88-B382-A9A4EBBA422B}.Release|Any CPU.Build.0 = Release|Any CPU
		{62952454-D443-4A38-AB51-BE446D087F6C}.Debug|Any CPU.ActiveCfg = Debug|Any CPU
		{62952454-D443-4A38-AB51-BE446D087F6C}.Debug|Any CPU.Build.0 = Debug|Any CPU
		{62952454-D443-4A38-AB51-BE446D087F6C}.Release|Any CPU.ActiveCfg = Release|Any CPU
		{62952454-D443-4A38-AB51-BE446D087F6C}.Release|Any CPU.Build.0 = Release|Any CPU
		{8B8C2E75-7126-4CB1-B4D6-2A1938326F12}.Debug|Any CPU.ActiveCfg = Debug|Any CPU
		{8B8C2E75-7126-4CB1-B4D6-2A1938326F12}.Debug|Any CPU.Build.0 = Debug|Any CPU
		{8B8C2E75-7126-4CB1-B4D6-2A1938326F12}.Release|Any CPU.ActiveCfg = Release|Any CPU
		{8B8C2E75-7126-4CB1-B4D6-2A1938326F12}.Release|Any CPU.Build.0 = Release|Any CPU
		{A86105F2-0167-4691-BBDE-14103848371B}.Debug|Any CPU.ActiveCfg = Debug|Any CPU
		{A86105F2-0167-4691-BBDE-14103848371B}.Debug|Any CPU.Build.0 = Debug|Any CPU
		{A86105F2-0167-4691-BBDE-14103848371B}.Release|Any CPU.ActiveCfg = Release|Any CPU
		{A86105F2-0167-4691-BBDE-14103848371B}.Release|Any CPU.Build.0 = Release|Any CPU
		{7B068C1F-39FE-4D13-82F0-C85D1D28066C}.Debug|Any CPU.ActiveCfg = Debug|Any CPU
		{7B068C1F-39FE-4D13-82F0-C85D1D28066C}.Debug|Any CPU.Build.0 = Debug|Any CPU
		{7B068C1F-39FE-4D13-82F0-C85D1D28066C}.Release|Any CPU.ActiveCfg = Release|Any CPU
		{7B068C1F-39FE-4D13-82F0-C85D1D28066C}.Release|Any CPU.Build.0 = Release|Any CPU
	EndGlobalSection
	GlobalSection(SolutionProperties) = preSolution
		HideSolutionNode = FALSE
	EndGlobalSection
	GlobalSection(ExtensibilityGlobals) = postSolution
		SolutionGuid = {8C1DEBC3-FC93-458C-BDF5-5B06B11AF6B1}
	EndGlobalSection
EndGlobal
